
Microsoft Visual Studio Solution File, Format Version 12.00
# Visual Studio Version 17
VisualStudioVersion = 17.10.35013.160
MinimumVisualStudioVersion = 10.0.40219.1
Project("{FAE04EC0-301F-11D3-BF4B-00C04F79EFBC}") = "TodoApp", "TodoApp.csproj", "{B6B40B87-210F-4414-A1C3-1AAAFB97E27C}"
EndProject
Global
	GlobalSection(SolutionConfigurationPlatforms) = preSolution
		Debug|Any CPU = Debug|Any CPU
		Release|Any CPU = Release|Any CPU
	EndGlobalSection
	GlobalSection(ProjectConfigurationPlatforms) = postSolution
		{B6B40B87-210F-4414-A1C3-1AAAFB97E27C}.Debug|Any CPU.ActiveCfg = Debug|Any CPU
		{B6B40B87-210F-4414-A1C3-1AAAFB97E27C}.Debug|Any CPU.Build.0 = Debug|Any CPU
		{B6B40B87-210F-4414-A1C3-1AAAFB97E27C}.Release|Any CPU.ActiveCfg = Release|Any CPU
		{B6B40B87-210F-4414-A1C3-1AAAFB97E27C}.Release|Any CPU.Build.0 = Release|Any CPU
	EndGlobalSection
	GlobalSection(SolutionProperties) = preSolution
		HideSolutionNode = FALSE
	EndGlobalSection
	GlobalSection(ExtensibilityGlobals) = postSolution
		SolutionGuid = {D8255CA9-906A-427F-AD0C-E08386DDD9EB}
	EndGlobalSection
EndGlobal
